
Microsoft Visual Studio Solution File, Format Version 12.00
# Visual Studio 15
VisualStudioVersion = 15.0.26124.0
MinimumVisualStudioVersion = 15.0.26124.0
Project("{2150E333-8FDC-42A3-9474-1A3956D46DE8}") = "src", "src", "{703C07A0-4060-4450-9822-B065ECF8DF3A}"
EndProject
Project("{FAE04EC0-301F-11D3-BF4B-00C04F79EFBC}") = "SimpleAPI", "src\SimpleAPI\SimpleAPI.csproj", "{B5D6DF6C-2303-4D83-8509-5223ECC9BE9B}"
EndProject
Project("{2150E333-8FDC-42A3-9474-1A3956D46DE8}") = "test", "test", "{3BD099A5-3F69-40DC-943B-C5870E43F38B}"
EndProject
Project("{FAE04EC0-301F-11D3-BF4B-00C04F79EFBC}") = "SimpleAPI.Test", "test\SimpleAPI.Test\SimpleAPI.Test.csproj", "{EB9D643D-2558-4689-9CB1-42C51DD87A4F}"
EndProject
Global
	GlobalSection(SolutionConfigurationPlatforms) = preSolution
		Debug|Any CPU = Debug|Any CPU
		Debug|x64 = Debug|x64
		Debug|x86 = Debug|x86
		Release|Any CPU = Release|Any CPU
		Release|x64 = Release|x64
		Release|x86 = Release|x86
	EndGlobalSection
	GlobalSection(SolutionProperties) = preSolution
		HideSolutionNode = FALSE
	EndGlobalSection
	GlobalSection(ProjectConfigurationPlatforms) = postSolution
		{B5D6DF6C-2303-4D83-8509-5223ECC9BE9B}.Debug|Any CPU.ActiveCfg = Debug|Any CPU
		{B5D6DF6C-2303-4D83-8509-5223ECC9BE9B}.Debug|Any CPU.Build.0 = Debug|Any CPU
		{B5D6DF6C-2303-4D83-8509-5223ECC9BE9B}.Debug|x64.ActiveCfg = Debug|Any CPU
		{B5D6DF6C-2303-4D83-8509-5223ECC9BE9B}.Debug|x64.Build.0 = Debug|Any CPU
		{B5D6DF6C-2303-4D83-8509-5223ECC9BE9B}.Debug|x86.ActiveCfg = Debug|Any CPU
		{B5D6DF6C-2303-4D83-8509-5223ECC9BE9B}.Debug|x86.Build.0 = Debug|Any CPU
		{B5D6DF6C-2303-4D83-8509-5223ECC9BE9B}.Release|Any CPU.ActiveCfg = Release|Any CPU
		{B5D6DF6C-2303-4D83-8509-5223ECC9BE9B}.Release|Any CPU.Build.0 = Release|Any CPU
		{B5D6DF6C-2303-4D83-8509-5223ECC9BE9B}.Release|x64.ActiveCfg = Release|Any CPU
		{B5D6DF6C-2303-4D83-8509-5223ECC9BE9B}.Release|x64.Build.0 = Release|Any CPU
		{B5D6DF6C-2303-4D83-8509-5223ECC9BE9B}.Release|x86.ActiveCfg = Release|Any CPU
		{B5D6DF6C-2303-4D83-8509-5223ECC9BE9B}.Release|x86.Build.0 = Release|Any CPU
		{EB9D643D-2558-4689-9CB1-42C51DD87A4F}.Debug|Any CPU.ActiveCfg = Debug|Any CPU
		{EB9D643D-2558-4689-9CB1-42C51DD87A4F}.Debug|Any CPU.Build.0 = Debug|Any CPU
		{EB9D643D-2558-4689-9CB1-42C51DD87A4F}.Debug|x64.ActiveCfg = Debug|Any CPU
		{EB9D643D-2558-4689-9CB1-42C51DD87A4F}.Debug|x64.Build.0 = Debug|Any CPU
		{EB9D643D-2558-4689-9CB1-42C51DD87A4F}.Debug|x86.ActiveCfg = Debug|Any CPU
		{EB9D643D-2558-4689-9CB1-42C51DD87A4F}.Debug|x86.Build.0 = Debug|Any CPU
		{EB9D643D-2558-4689-9CB1-42C51DD87A4F}.Release|Any CPU.ActiveCfg = Release|Any CPU
		{EB9D643D-2558-4689-9CB1-42C51DD87A4F}.Release|Any CPU.Build.0 = Release|Any CPU
		{EB9D643D-2558-4689-9CB1-42C51DD87A4F}.Release|x64.ActiveCfg = Release|Any CPU
		{EB9D643D-2558-4689-9CB1-42C51DD87A4F}.Release|x64.Build.0 = Release|Any CPU
		{EB9D643D-2558-4689-9CB1-42C51DD87A4F}.Release|x86.ActiveCfg = Release|Any CPU
		{EB9D643D-2558-4689-9CB1-42C51DD87A4F}.Release|x86.Build.0 = Release|Any CPU
	EndGlobalSection
	GlobalSection(NestedProjects) = preSolution
		{B5D6DF6C-2303-4D83-8509-5223ECC9BE9B} = {703C07A0-4060-4450-9822-B065ECF8DF3A}
		{EB9D643D-2558-4689-9CB1-42C51DD87A4F} = {3BD099A5-3F69-40DC-943B-C5870E43F38B}
	EndGlobalSection
EndGlobal
